
Microsoft Visual Studio Solution File, Format Version 12.00
# Visual Studio 15
VisualStudioVersion = 15.0.27703.2035
MinimumVisualStudioVersion = 10.0.40219.1
Project("{FAE04EC0-301F-11D3-BF4B-00C04F79EFBC}") = "HTTPServer", "HTTPServer\HTTPServer.csproj", "{860F9A3A-5423-420F-A762-0ADDCC30BA3A}"
EndProject
Global
	GlobalSection(SolutionConfigurationPlatforms) = preSolution
		Debug|Any CPU = Debug|Any CPU
		Release|Any CPU = Release|Any CPU
	EndGlobalSection
	GlobalSection(ProjectConfigurationPlatforms) = postSolution
		{860F9A3A-5423-420F-A762-0ADDCC30BA3A}.Debug|Any CPU.ActiveCfg = Debug|Any CPU
		{860F9A3A-5423-420F-A762-0ADDCC30BA3A}.Debug|Any CPU.Build.0 = Debug|Any CPU
		{860F9A3A-5423-420F-A762-0ADDCC30BA3A}.Release|Any CPU.ActiveCfg = Release|Any CPU
		{860F9A3A-5423-420F-A762-0ADDCC30BA3A}.Release|Any CPU.Build.0 = Release|Any CPU
	EndGlobalSection
	GlobalSection(SolutionProperties) = preSolution
		HideSolutionNode = FALSE
	EndGlobalSection
	GlobalSection(ExtensibilityGlobals) = postSolution
		SolutionGuid = {DF6A50BA-1CA3-4D2C-8169-CEFFDBC7DCC1}
	EndGlobalSection
EndGlobal
